// !$*UTF8*$!
{
	archiveVersion = 1;
	classes = {
	};
	objectVersion = 50;
	objects = {

/* Begin PBXBuildFile section */
		4C49C60B215F1E730029F64C /* SSAppDelegate.swift in Sources */ = {isa = PBXBuildFile; fileRef = 4C49C60A215F1E730029F64C /* SSAppDelegate.swift */; };
		4C49C60D215F1E740029F64C /* Assets.xcassets in Resources */ = {isa = PBXBuildFile; fileRef = 4C49C60C215F1E740029F64C /* Assets.xcassets */; };
		4C49C610215F1E740029F64C /* MainMenu.xib in Resources */ = {isa = PBXBuildFile; fileRef = 4C49C60E215F1E740029F64C /* MainMenu.xib */; };
		4C49C61C215F1E740029F64C /* SunsetterTests.swift in Sources */ = {isa = PBXBuildFile; fileRef = 4C49C61B215F1E740029F64C /* SunsetterTests.swift */; };
		4C49C627215F1E740029F64C /* SunsetterUITests.swift in Sources */ = {isa = PBXBuildFile; fileRef = 4C49C626215F1E740029F64C /* SunsetterUITests.swift */; };
		4C49C635215F2D4D0029F64C /* SSStatusMenuController.swift in Sources */ = {isa = PBXBuildFile; fileRef = 4C49C634215F2D4D0029F64C /* SSStatusMenuController.swift */; };
		4C49C638215F318B0029F64C /* CoreLocation.framework in Frameworks */ = {isa = PBXBuildFile; fileRef = 4C49C637215F318B0029F64C /* CoreLocation.framework */; };
		4CABE4B42161584A009BAAB8 /* Cartfile in Resources */ = {isa = PBXBuildFile; fileRef = 4CABE4B32161584A009BAAB8 /* Cartfile */; };
		4CABE50C21617149009BAAB8 /* Solar.framework in Frameworks */ = {isa = PBXBuildFile; fileRef = 4CABE50B21617149009BAAB8 /* Solar.framework */; };
		4CABE511216171C7009BAAB8 /* Solar.framework.dSYM in CopyFiles */ = {isa = PBXBuildFile; fileRef = 4CABE510216171C7009BAAB8 /* Solar.framework.dSYM */; };
		4CABE512216177E3009BAAB8 /* Solar.framework in Frameworks */ = {isa = PBXBuildFile; fileRef = 4CABE50B21617149009BAAB8 /* Solar.framework */; };
		4CABE513216177E3009BAAB8 /* Solar.framework in Embed Frameworks */ = {isa = PBXBuildFile; fileRef = 4CABE50B21617149009BAAB8 /* Solar.framework */; settings = {ATTRIBUTES = (CodeSignOnCopy, RemoveHeadersOnCopy, ); }; };
/* End PBXBuildFile section */

/* Begin PBXContainerItemProxy section */
		4C49C618215F1E740029F64C /* PBXContainerItemProxy */ = {
			isa = PBXContainerItemProxy;
			containerPortal = 4C49C5FF215F1E730029F64C /* Project object */;
			proxyType = 1;
			remoteGlobalIDString = 4C49C606215F1E730029F64C;
			remoteInfo = Sunsetter;
		};
		4C49C623215F1E740029F64C /* PBXContainerItemProxy */ = {
			isa = PBXContainerItemProxy;
			containerPortal = 4C49C5FF215F1E730029F64C /* Project object */;
			proxyType = 1;
			remoteGlobalIDString = 4C49C606215F1E730029F64C;
			remoteInfo = Sunsetter;
		};
/* End PBXContainerItemProxy section */

/* Begin PBXCopyFilesBuildPhase section */
		4CABE50D2161718A009BAAB8 /* CopyFiles */ = {
			isa = PBXCopyFilesBuildPhase;
			buildActionMask = 2147483647;
			dstPath = "";
			dstSubfolderSpec = 16;
			files = (
				4CABE511216171C7009BAAB8 /* Solar.framework.dSYM in CopyFiles */,
			);
			runOnlyForDeploymentPostprocessing = 0;
		};
		4CABE514216177E3009BAAB8 /* Embed Frameworks */ = {
			isa = PBXCopyFilesBuildPhase;
			buildActionMask = 2147483647;
			dstPath = "";
			dstSubfolderSpec = 10;
			files = (
				4CABE513216177E3009BAAB8 /* Solar.framework in Embed Frameworks */,
			);
			name = "Embed Frameworks";
			runOnlyForDeploymentPostprocessing = 0;
		};
/* End PBXCopyFilesBuildPhase section */

/* Begin PBXFileReference section */
		4C49C607215F1E730029F64C /* Sunsetter.app */ = {isa = PBXFileReference; explicitFileType = wrapper.application; includeInIndex = 0; path = Sunsetter.app; sourceTree = BUILT_PRODUCTS_DIR; };
		4C49C60A215F1E730029F64C /* SSAppDelegate.swift */ = {isa = PBXFileReference; lastKnownFileType = sourcecode.swift; path = SSAppDelegate.swift; sourceTree = "<group>"; };
		4C49C60C215F1E740029F64C /* Assets.xcassets */ = {isa = PBXFileReference; lastKnownFileType = folder.assetcatalog; path = Assets.xcassets; sourceTree = "<group>"; };
		4C49C60F215F1E740029F64C /* Base */ = {isa = PBXFileReference; lastKnownFileType = file.xib; name = Base; path = Base.lproj/MainMenu.xib; sourceTree = "<group>"; };
		4C49C611215F1E740029F64C /* Info.plist */ = {isa = PBXFileReference; lastKnownFileType = text.plist.xml; path = Info.plist; sourceTree = "<group>"; };
		4C49C612215F1E740029F64C /* Sunsetter.entitlements */ = {isa = PBXFileReference; lastKnownFileType = text.plist.entitlements; path = Sunsetter.entitlements; sourceTree = "<group>"; };
		4C49C617215F1E740029F64C /* SunsetterTests.xctest */ = {isa = PBXFileReference; explicitFileType = wrapper.cfbundle; includeInIndex = 0; path = SunsetterTests.xctest; sourceTree = BUILT_PRODUCTS_DIR; };
		4C49C61B215F1E740029F64C /* SunsetterTests.swift */ = {isa = PBXFileReference; lastKnownFileType = sourcecode.swift; path = SunsetterTests.swift; sourceTree = "<group>"; };
		4C49C61D215F1E740029F64C /* Info.plist */ = {isa = PBXFileReference; lastKnownFileType = text.plist.xml; path = Info.plist; sourceTree = "<group>"; };
		4C49C622215F1E740029F64C /* SunsetterUITests.xctest */ = {isa = PBXFileReference; explicitFileType = wrapper.cfbundle; includeInIndex = 0; path = SunsetterUITests.xctest; sourceTree = BUILT_PRODUCTS_DIR; };
		4C49C626215F1E740029F64C /* SunsetterUITests.swift */ = {isa = PBXFileReference; lastKnownFileType = sourcecode.swift; path = SunsetterUITests.swift; sourceTree = "<group>"; };
		4C49C628215F1E740029F64C /* Info.plist */ = {isa = PBXFileReference; lastKnownFileType = text.plist.xml; path = Info.plist; sourceTree = "<group>"; };
		4C49C634215F2D4D0029F64C /* SSStatusMenuController.swift */ = {isa = PBXFileReference; lastKnownFileType = sourcecode.swift; path = SSStatusMenuController.swift; sourceTree = "<group>"; };
		4C49C637215F318B0029F64C /* CoreLocation.framework */ = {isa = PBXFileReference; lastKnownFileType = wrapper.framework; name = CoreLocation.framework; path = System/Library/Frameworks/CoreLocation.framework; sourceTree = SDKROOT; };
		4CABE4B32161584A009BAAB8 /* Cartfile */ = {isa = PBXFileReference; lastKnownFileType = text; name = Cartfile; path = ../Cartfile; sourceTree = "<group>"; };
		4CABE50B21617149009BAAB8 /* Solar.framework */ = {isa = PBXFileReference; lastKnownFileType = wrapper.framework; name = Solar.framework; path = Carthage/Build/Mac/Solar.framework; sourceTree = "<group>"; };
		4CABE510216171C7009BAAB8 /* Solar.framework.dSYM */ = {isa = PBXFileReference; lastKnownFileType = wrapper.dsym; name = Solar.framework.dSYM; path = ../Carthage/Build/Mac/Solar.framework.dSYM; sourceTree = "<group>"; };
/* End PBXFileReference section */

/* Begin PBXFrameworksBuildPhase section */
		4C49C604215F1E730029F64C /* Frameworks */ = {
			isa = PBXFrameworksBuildPhase;
			buildActionMask = 2147483647;
			files = (
				4CABE50C21617149009BAAB8 /* Solar.framework in Frameworks */,
				4CABE512216177E3009BAAB8 /* Solar.framework in Frameworks */,
				4C49C638215F318B0029F64C /* CoreLocation.framework in Frameworks */,
			);
			runOnlyForDeploymentPostprocessing = 0;
		};
		4C49C614215F1E740029F64C /* Frameworks */ = {
			isa = PBXFrameworksBuildPhase;
			buildActionMask = 2147483647;
			files = (
			);
			runOnlyForDeploymentPostprocessing = 0;
		};
		4C49C61F215F1E740029F64C /* Frameworks */ = {
			isa = PBXFrameworksBuildPhase;
			buildActionMask = 2147483647;
			files = (
			);
			runOnlyForDeploymentPostprocessing = 0;
		};
/* End PBXFrameworksBuildPhase section */

/* Begin PBXGroup section */
		4C49C5FE215F1E730029F64C = {
			isa = PBXGroup;
			children = (
				4C49C609215F1E730029F64C /* Sunsetter */,
				4C49C61A215F1E740029F64C /* SunsetterTests */,
				4C49C625215F1E740029F64C /* SunsetterUITests */,
				4C49C608215F1E730029F64C /* Products */,
				4C49C636215F318B0029F64C /* Frameworks */,
			);
			sourceTree = "<group>";
		};
		4C49C608215F1E730029F64C /* Products */ = {
			isa = PBXGroup;
			children = (
				4C49C607215F1E730029F64C /* Sunsetter.app */,
				4C49C617215F1E740029F64C /* SunsetterTests.xctest */,
				4C49C622215F1E740029F64C /* SunsetterUITests.xctest */,
			);
			name = Products;
			sourceTree = "<group>";
		};
		4C49C609215F1E730029F64C /* Sunsetter */ = {
			isa = PBXGroup;
			children = (
				4C49C60A215F1E730029F64C /* SSAppDelegate.swift */,
				4C49C60C215F1E740029F64C /* Assets.xcassets */,
				4C49C634215F2D4D0029F64C /* SSStatusMenuController.swift */,
				4C49C60E215F1E740029F64C /* MainMenu.xib */,
				4C49C611215F1E740029F64C /* Info.plist */,
				4C49C612215F1E740029F64C /* Sunsetter.entitlements */,
				4CABE510216171C7009BAAB8 /* Solar.framework.dSYM */,
				4CABE4B32161584A009BAAB8 /* Cartfile */,
			);
			path = Sunsetter;
			sourceTree = "<group>";
		};
		4C49C61A215F1E740029F64C /* SunsetterTests */ = {
			isa = PBXGroup;
			children = (
				4C49C61B215F1E740029F64C /* SunsetterTests.swift */,
				4C49C61D215F1E740029F64C /* Info.plist */,
			);
			path = SunsetterTests;
			sourceTree = "<group>";
		};
		4C49C625215F1E740029F64C /* SunsetterUITests */ = {
			isa = PBXGroup;
			children = (
				4C49C626215F1E740029F64C /* SunsetterUITests.swift */,
				4C49C628215F1E740029F64C /* Info.plist */,
			);
			path = SunsetterUITests;
			sourceTree = "<group>";
		};
		4C49C636215F318B0029F64C /* Frameworks */ = {
			isa = PBXGroup;
			children = (
				4CABE50B21617149009BAAB8 /* Solar.framework */,
				4C49C637215F318B0029F64C /* CoreLocation.framework */,
			);
			name = Frameworks;
			sourceTree = "<group>";
		};
/* End PBXGroup section */

/* Begin PBXNativeTarget section */
		4C49C606215F1E730029F64C /* Sunsetter */ = {
			isa = PBXNativeTarget;
			buildConfigurationList = 4C49C62B215F1E740029F64C /* Build configuration list for PBXNativeTarget "Sunsetter" */;
			buildPhases = (
				4C49C603215F1E730029F64C /* Sources */,
				4C49C604215F1E730029F64C /* Frameworks */,
				4C49C605215F1E730029F64C /* Resources */,
				4CABE50D2161718A009BAAB8 /* CopyFiles */,
				4CABE514216177E3009BAAB8 /* Embed Frameworks */,
			);
			buildRules = (
			);
			dependencies = (
			);
			name = Sunsetter;
			productName = Sunsetter;
			productReference = 4C49C607215F1E730029F64C /* Sunsetter.app */;
			productType = "com.apple.product-type.application";
		};
		4C49C616215F1E740029F64C /* SunsetterTests */ = {
			isa = PBXNativeTarget;
			buildConfigurationList = 4C49C62E215F1E740029F64C /* Build configuration list for PBXNativeTarget "SunsetterTests" */;
			buildPhases = (
				4C49C613215F1E740029F64C /* Sources */,
				4C49C614215F1E740029F64C /* Frameworks */,
				4C49C615215F1E740029F64C /* Resources */,
			);
			buildRules = (
			);
			dependencies = (
				4C49C619215F1E740029F64C /* PBXTargetDependency */,
			);
			name = SunsetterTests;
			productName = SunsetterTests;
			productReference = 4C49C617215F1E740029F64C /* SunsetterTests.xctest */;
			productType = "com.apple.product-type.bundle.unit-test";
		};
		4C49C621215F1E740029F64C /* SunsetterUITests */ = {
			isa = PBXNativeTarget;
			buildConfigurationList = 4C49C631215F1E740029F64C /* Build configuration list for PBXNativeTarget "SunsetterUITests" */;
			buildPhases = (
				4C49C61E215F1E740029F64C /* Sources */,
				4C49C61F215F1E740029F64C /* Frameworks */,
				4C49C620215F1E740029F64C /* Resources */,
			);
			buildRules = (
			);
			dependencies = (
				4C49C624215F1E740029F64C /* PBXTargetDependency */,
			);
			name = SunsetterUITests;
			productName = SunsetterUITests;
			productReference = 4C49C622215F1E740029F64C /* SunsetterUITests.xctest */;
			productType = "com.apple.product-type.bundle.ui-testing";
		};
/* End PBXNativeTarget section */

/* Begin PBXProject section */
		4C49C5FF215F1E730029F64C /* Project object */ = {
			isa = PBXProject;
			attributes = {
				CLASSPREFIX = SS;
				LastSwiftUpdateCheck = 1010;
				LastUpgradeCheck = 1010;
				ORGANIZATIONNAME = "Michael Hulet";
				TargetAttributes = {
					4C49C606215F1E730029F64C = {
						CreatedOnToolsVersion = 10.1;
						SystemCapabilities = {
							com.apple.HardenedRuntime = {
								enabled = 1;
							};
							com.apple.Sandbox = {
								enabled = 1;
							};
						};
					};
					4C49C616215F1E740029F64C = {
						CreatedOnToolsVersion = 10.1;
						TestTargetID = 4C49C606215F1E730029F64C;
					};
					4C49C621215F1E740029F64C = {
						CreatedOnToolsVersion = 10.1;
						TestTargetID = 4C49C606215F1E730029F64C;
					};
				};
			};
			buildConfigurationList = 4C49C602215F1E730029F64C /* Build configuration list for PBXProject "Sunsetter" */;
			compatibilityVersion = "Xcode 9.3";
			developmentRegion = en;
			hasScannedForEncodings = 0;
			knownRegions = (
				en,
				Base,
			);
			mainGroup = 4C49C5FE215F1E730029F64C;
			productRefGroup = 4C49C608215F1E730029F64C /* Products */;
			projectDirPath = "";
			projectRoot = "";
			targets = (
				4C49C606215F1E730029F64C /* Sunsetter */,
				4C49C616215F1E740029F64C /* SunsetterTests */,
				4C49C621215F1E740029F64C /* SunsetterUITests */,
			);
		};
/* End PBXProject section */

/* Begin PBXResourcesBuildPhase section */
		4C49C605215F1E730029F64C /* Resources */ = {
			isa = PBXResourcesBuildPhase;
			buildActionMask = 2147483647;
			files = (
				4CABE4B42161584A009BAAB8 /* Cartfile in Resources */,
				4C49C60D215F1E740029F64C /* Assets.xcassets in Resources */,
				4C49C610215F1E740029F64C /* MainMenu.xib in Resources */,
			);
			runOnlyForDeploymentPostprocessing = 0;
		};
		4C49C615215F1E740029F64C /* Resources */ = {
			isa = PBXResourcesBuildPhase;
			buildActionMask = 2147483647;
			files = (
			);
			runOnlyForDeploymentPostprocessing = 0;
		};
		4C49C620215F1E740029F64C /* Resources */ = {
			isa = PBXResourcesBuildPhase;
			buildActionMask = 2147483647;
			files = (
			);
			runOnlyForDeploymentPostprocessing = 0;
		};
/* End PBXResourcesBuildPhase section */

/* Begin PBXSourcesBuildPhase section */
		4C49C603215F1E730029F64C /* Sources */ = {
			isa = PBXSourcesBuildPhase;
			buildActionMask = 2147483647;
			files = (
				4C49C635215F2D4D0029F64C /* SSStatusMenuController.swift in Sources */,
				4C49C60B215F1E730029F64C /* SSAppDelegate.swift in Sources */,
			);
			runOnlyForDeploymentPostprocessing = 0;
		};
		4C49C613215F1E740029F64C /* Sources */ = {
			isa = PBXSourcesBuildPhase;
			buildActionMask = 2147483647;
			files = (
				4C49C61C215F1E740029F64C /* SunsetterTests.swift in Sources */,
			);
			runOnlyForDeploymentPostprocessing = 0;
		};
		4C49C61E215F1E740029F64C /* Sources */ = {
			isa = PBXSourcesBuildPhase;
			buildActionMask = 2147483647;
			files = (
				4C49C627215F1E740029F64C /* SunsetterUITests.swift in Sources */,
			);
			runOnlyForDeploymentPostprocessing = 0;
		};
/* End PBXSourcesBuildPhase section */

/* Begin PBXTargetDependency section */
		4C49C619215F1E740029F64C /* PBXTargetDependency */ = {
			isa = PBXTargetDependency;
			target = 4C49C606215F1E730029F64C /* Sunsetter */;
			targetProxy = 4C49C618215F1E740029F64C /* PBXContainerItemProxy */;
		};
		4C49C624215F1E740029F64C /* PBXTargetDependency */ = {
			isa = PBXTargetDependency;
			target = 4C49C606215F1E730029F64C /* Sunsetter */;
			targetProxy = 4C49C623215F1E740029F64C /* PBXContainerItemProxy */;
		};
/* End PBXTargetDependency section */

/* Begin PBXVariantGroup section */
		4C49C60E215F1E740029F64C /* MainMenu.xib */ = {
			isa = PBXVariantGroup;
			children = (
				4C49C60F215F1E740029F64C /* Base */,
			);
			name = MainMenu.xib;
			sourceTree = "<group>";
		};
/* End PBXVariantGroup section */

/* Begin XCBuildConfiguration section */
		4C49C629215F1E740029F64C /* Debug */ = {
			isa = XCBuildConfiguration;
			buildSettings = {
				ALWAYS_SEARCH_USER_PATHS = NO;
				CLANG_ANALYZER_NONNULL = YES;
				CLANG_ANALYZER_NUMBER_OBJECT_CONVERSION = YES_AGGRESSIVE;
				CLANG_CXX_LANGUAGE_STANDARD = "gnu++14";
				CLANG_CXX_LIBRARY = "libc++";
				CLANG_ENABLE_MODULES = YES;
				CLANG_ENABLE_OBJC_ARC = YES;
				CLANG_ENABLE_OBJC_WEAK = YES;
				CLANG_WARN_BLOCK_CAPTURE_AUTORELEASING = YES;
				CLANG_WARN_BOOL_CONVERSION = YES;
				CLANG_WARN_COMMA = YES;
				CLANG_WARN_CONSTANT_CONVERSION = YES;
				CLANG_WARN_DEPRECATED_OBJC_IMPLEMENTATIONS = YES;
				CLANG_WARN_DIRECT_OBJC_ISA_USAGE = YES_ERROR;
				CLANG_WARN_DOCUMENTATION_COMMENTS = YES;
				CLANG_WARN_EMPTY_BODY = YES;
				CLANG_WARN_ENUM_CONVERSION = YES;
				CLANG_WARN_INFINITE_RECURSION = YES;
				CLANG_WARN_INT_CONVERSION = YES;
				CLANG_WARN_NON_LITERAL_NULL_CONVERSION = YES;
				CLANG_WARN_OBJC_IMPLICIT_RETAIN_SELF = YES;
				CLANG_WARN_OBJC_LITERAL_CONVERSION = YES;
				CLANG_WARN_OBJC_ROOT_CLASS = YES_ERROR;
				CLANG_WARN_RANGE_LOOP_ANALYSIS = YES;
				CLANG_WARN_STRICT_PROTOTYPES = YES;
				CLANG_WARN_SUSPICIOUS_MOVE = YES;
				CLANG_WARN_UNGUARDED_AVAILABILITY = YES_AGGRESSIVE;
				CLANG_WARN_UNREACHABLE_CODE = YES;
				CLANG_WARN__DUPLICATE_METHOD_MATCH = YES;
				CODE_SIGN_IDENTITY = "Mac Developer";
				COPY_PHASE_STRIP = NO;
				DEBUG_INFORMATION_FORMAT = dwarf;
				ENABLE_STRICT_OBJC_MSGSEND = YES;
				ENABLE_TESTABILITY = YES;
				GCC_C_LANGUAGE_STANDARD = gnu11;
				GCC_DYNAMIC_NO_PIC = NO;
				GCC_NO_COMMON_BLOCKS = YES;
				GCC_OPTIMIZATION_LEVEL = 0;
				GCC_PREPROCESSOR_DEFINITIONS = (
					"DEBUG=1",
					"$(inherited)",
				);
				GCC_WARN_64_TO_32_BIT_CONVERSION = YES;
				GCC_WARN_ABOUT_RETURN_TYPE = YES_ERROR;
				GCC_WARN_UNDECLARED_SELECTOR = YES;
				GCC_WARN_UNINITIALIZED_AUTOS = YES_AGGRESSIVE;
				GCC_WARN_UNUSED_FUNCTION = YES;
				GCC_WARN_UNUSED_VARIABLE = YES;
				MACOSX_DEPLOYMENT_TARGET = 10.14;
				MTL_ENABLE_DEBUG_INFO = INCLUDE_SOURCE;
				MTL_FAST_MATH = YES;
				ONLY_ACTIVE_ARCH = YES;
				SDKROOT = macosx;
				SWIFT_ACTIVE_COMPILATION_CONDITIONS = DEBUG;
				SWIFT_OPTIMIZATION_LEVEL = "-Onone";
			};
			name = Debug;
		};
		4C49C62A215F1E740029F64C /* Release */ = {
			isa = XCBuildConfiguration;
			buildSettings = {
				ALWAYS_SEARCH_USER_PATHS = NO;
				CLANG_ANALYZER_NONNULL = YES;
				CLANG_ANALYZER_NUMBER_OBJECT_CONVERSION = YES_AGGRESSIVE;
				CLANG_CXX_LANGUAGE_STANDARD = "gnu++14";
				CLANG_CXX_LIBRARY = "libc++";
				CLANG_ENABLE_MODULES = YES;
				CLANG_ENABLE_OBJC_ARC = YES;
				CLANG_ENABLE_OBJC_WEAK = YES;
				CLANG_WARN_BLOCK_CAPTURE_AUTORELEASING = YES;
				CLANG_WARN_BOOL_CONVERSION = YES;
				CLANG_WARN_COMMA = YES;
				CLANG_WARN_CONSTANT_CONVERSION = YES;
				CLANG_WARN_DEPRECATED_OBJC_IMPLEMENTATIONS = YES;
				CLANG_WARN_DIRECT_OBJC_ISA_USAGE = YES_ERROR;
				CLANG_WARN_DOCUMENTATION_COMMENTS = YES;
				CLANG_WARN_EMPTY_BODY = YES;
				CLANG_WARN_ENUM_CONVERSION = YES;
				CLANG_WARN_INFINITE_RECURSION = YES;
				CLANG_WARN_INT_CONVERSION = YES;
				CLANG_WARN_NON_LITERAL_NULL_CONVERSION = YES;
				CLANG_WARN_OBJC_IMPLICIT_RETAIN_SELF = YES;
				CLANG_WARN_OBJC_LITERAL_CONVERSION = YES;
				CLANG_WARN_OBJC_ROOT_CLASS = YES_ERROR;
				CLANG_WARN_RANGE_LOOP_ANALYSIS = YES;
				CLANG_WARN_STRICT_PROTOTYPES = YES;
				CLANG_WARN_SUSPICIOUS_MOVE = YES;
				CLANG_WARN_UNGUARDED_AVAILABILITY = YES_AGGRESSIVE;
				CLANG_WARN_UNREACHABLE_CODE = YES;
				CLANG_WARN__DUPLICATE_METHOD_MATCH = YES;
				CODE_SIGN_IDENTITY = "Mac Developer";
				COPY_PHASE_STRIP = NO;
				DEBUG_INFORMATION_FORMAT = "dwarf-with-dsym";
				ENABLE_NS_ASSERTIONS = NO;
				ENABLE_STRICT_OBJC_MSGSEND = YES;
				GCC_C_LANGUAGE_STANDARD = gnu11;
				GCC_NO_COMMON_BLOCKS = YES;
				GCC_WARN_64_TO_32_BIT_CONVERSION = YES;
				GCC_WARN_ABOUT_RETURN_TYPE = YES_ERROR;
				GCC_WARN_UNDECLARED_SELECTOR = YES;
				GCC_WARN_UNINITIALIZED_AUTOS = YES_AGGRESSIVE;
				GCC_WARN_UNUSED_FUNCTION = YES;
				GCC_WARN_UNUSED_VARIABLE = YES;
				MACOSX_DEPLOYMENT_TARGET = 10.14;
				MTL_ENABLE_DEBUG_INFO = NO;
				MTL_FAST_MATH = YES;
				SDKROOT = macosx;
				SWIFT_COMPILATION_MODE = wholemodule;
				SWIFT_OPTIMIZATION_LEVEL = "-O";
			};
			name = Release;
		};
		4C49C62C215F1E740029F64C /* Debug */ = {
			isa = XCBuildConfiguration;
			buildSettings = {
				ASSETCATALOG_COMPILER_APPICON_NAME = AppIcon;
				CODE_SIGN_ENTITLEMENTS = Sunsetter/Sunsetter.entitlements;
				CODE_SIGN_STYLE = Automatic;
				COMBINE_HIDPI_IMAGES = YES;
				DEVELOPMENT_TEAM = K3ZLWH83BT;
				ENABLE_HARDENED_RUNTIME = YES;
				FRAMEWORK_SEARCH_PATHS = (
					"$(inherited)",
					"$(PROJECT_DIR)/Carthage/Build/Mac",
				);
				INFOPLIST_FILE = Sunsetter/Info.plist;
				LD_RUNPATH_SEARCH_PATHS = (
					"$(inherited)",
					"@executable_path/../Frameworks",
				);
				PRODUCT_BUNDLE_IDENTIFIER = tech.hulet.Sunsetter;
				PRODUCT_NAME = "$(TARGET_NAME)";
				SWIFT_VERSION = 4.2;
			};
			name = Debug;
		};
		4C49C62D215F1E740029F64C /* Release */ = {
			isa = XCBuildConfiguration;
			buildSettings = {
				ASSETCATALOG_COMPILER_APPICON_NAME = AppIcon;
				CODE_SIGN_ENTITLEMENTS = Sunsetter/Sunsetter.entitlements;
				CODE_SIGN_STYLE = Automatic;
				COMBINE_HIDPI_IMAGES = YES;
				DEVELOPMENT_TEAM = K3ZLWH83BT;
				ENABLE_HARDENED_RUNTIME = YES;
				FRAMEWORK_SEARCH_PATHS = (
					"$(inherited)",
					"$(PROJECT_DIR)/Carthage/Build/Mac",
				);
				INFOPLIST_FILE = Sunsetter/Info.plist;
				LD_RUNPATH_SEARCH_PATHS = (
					"$(inherited)",
					"@executable_path/../Frameworks",
				);
				PRODUCT_BUNDLE_IDENTIFIER = tech.hulet.Sunsetter;
				PRODUCT_NAME = "$(TARGET_NAME)";
				SWIFT_VERSION = 4.2;
			};
			name = Release;
		};
		4C49C62F215F1E740029F64C /* Debug */ = {
			isa = XCBuildConfiguration;
			buildSettings = {
				ALWAYS_EMBED_SWIFT_STANDARD_LIBRARIES = YES;
				BUNDLE_LOADER = "$(TEST_HOST)";
				CODE_SIGN_STYLE = Automatic;
				COMBINE_HIDPI_IMAGES = YES;
				DEVELOPMENT_TEAM = K3ZLWH83BT;
				INFOPLIST_FILE = SunsetterTests/Info.plist;
				LD_RUNPATH_SEARCH_PATHS = (
					"$(inherited)",
					"@executable_path/../Frameworks",
					"@loader_path/../Frameworks",
				);
				PRODUCT_BUNDLE_IDENTIFIER = tech.hulet.SunsetterTests;
				PRODUCT_NAME = "$(TARGET_NAME)";
				SWIFT_VERSION = 4.2;
				TEST_HOST = "$(BUILT_PRODUCTS_DIR)/Sunsetter.app/Contents/MacOS/Sunsetter";
			};
			name = Debug;
		};
		4C49C630215F1E740029F64C /* Release */ = {
			isa = XCBuildConfiguration;
			buildSettings = {
				ALWAYS_EMBED_SWIFT_STANDARD_LIBRARIES = YES;
				BUNDLE_LOADER = "$(TEST_HOST)";
				CODE_SIGN_STYLE = Automatic;
				COMBINE_HIDPI_IMAGES = YES;
				DEVELOPMENT_TEAM = K3ZLWH83BT;
				INFOPLIST_FILE = SunsetterTests/Info.plist;
				LD_RUNPATH_SEARCH_PATHS = (
					"$(inherited)",
					"@executable_path/../Frameworks",
					"@loader_path/../Frameworks",
				);
				PRODUCT_BUNDLE_IDENTIFIER = tech.hulet.SunsetterTests;
				PRODUCT_NAME = "$(TARGET_NAME)";
				SWIFT_VERSION = 4.2;
				TEST_HOST = "$(BUILT_PRODUCTS_DIR)/Sunsetter.app/Contents/MacOS/Sunsetter";
			};
			name = Release;
		};
		4C49C632215F1E740029F64C /* Debug */ = {
			isa = XCBuildConfiguration;
			buildSettings = {
				ALWAYS_EMBED_SWIFT_STANDARD_LIBRARIES = YES;
				CODE_SIGN_STYLE = Automatic;
				COMBINE_HIDPI_IMAGES = YES;
				DEVELOPMENT_TEAM = K3ZLWH83BT;
				INFOPLIST_FILE = SunsetterUITests/Info.plist;
				LD_RUNPATH_SEARCH_PATHS = (
					"$(inherited)",
					"@executable_path/../Frameworks",
					"@loader_path/../Frameworks",
				);
				PRODUCT_BUNDLE_IDENTIFIER = tech.hulet.SunsetterUITests;
				PRODUCT_NAME = "$(TARGET_NAME)";
				SWIFT_VERSION = 4.2;
				TEST_TARGET_NAME = Sunsetter;
			};
			name = Debug;
		};
		4C49C633215F1E740029F64C /* Release */ = {
			isa = XCBuildConfiguration;
			buildSettings = {
				ALWAYS_EMBED_SWIFT_STANDARD_LIBRARIES = YES;
				CODE_SIGN_STYLE = Automatic;
				COMBINE_HIDPI_IMAGES = YES;
				DEVELOPMENT_TEAM = K3ZLWH83BT;
				INFOPLIST_FILE = SunsetterUITests/Info.plist;
				LD_RUNPATH_SEARCH_PATHS = (
					"$(inherited)",
					"@executable_path/../Frameworks",
					"@loader_path/../Frameworks",
				);
				PRODUCT_BUNDLE_IDENTIFIER = tech.hulet.SunsetterUITests;
				PRODUCT_NAME = "$(TARGET_NAME)";
				SWIFT_VERSION = 4.2;
				TEST_TARGET_NAME = Sunsetter;
			};
			name = Release;
		};
/* End XCBuildConfiguration section */

/* Begin XCConfigurationList section */
		4C49C602215F1E730029F64C /* Build configuration list for PBXProject "Sunsetter" */ = {
			isa = XCConfigurationList;
			buildConfigurations = (
				4C49C629215F1E740029F64C /* Debug */,
				4C49C62A215F1E740029F64C /* Release */,
			);
			defaultConfigurationIsVisible = 0;
			defaultConfigurationName = Release;
		};
		4C49C62B215F1E740029F64C /* Build configuration list for PBXNativeTarget "Sunsetter" */ = {
			isa = XCConfigurationList;
			buildConfigurations = (
				4C49C62C215F1E740029F64C /* Debug */,
				4C49C62D215F1E740029F64C /* Release */,
			);
			defaultConfigurationIsVisible = 0;
			defaultConfigurationName = Release;
		};
		4C49C62E215F1E740029F64C /* Build configuration list for PBXNativeTarget "SunsetterTests" */ = {
			isa = XCConfigurationList;
			buildConfigurations = (
				4C49C62F215F1E740029F64C /* Debug */,
				4C49C630215F1E740029F64C /* Release */,
			);
			defaultConfigurationIsVisible = 0;
			defaultConfigurationName = Release;
		};
		4C49C631215F1E740029F64C /* Build configuration list for PBXNativeTarget "SunsetterUITests" */ = {
			isa = XCConfigurationList;
			buildConfigurations = (
				4C49C632215F1E740029F64C /* Debug */,
				4C49C633215F1E740029F64C /* Release */,
			);
			defaultConfigurationIsVisible = 0;
			defaultConfigurationName = Release;
		};
/* End XCConfigurationList section */
	};
	rootObject = 4C49C5FF215F1E730029F64C /* Project object */;
}
